
Microsoft Visual Studio Solution File, Format Version 12.00
# Visual Studio 15
VisualStudioVersion = 15.0.28307.1000
MinimumVisualStudioVersion = 10.0.40219.1
Project("{FAE04EC0-301F-11D3-BF4B-00C04F79EFBC}") = "KnapsackDemo", "KnapsackDemo\KnapsackDemo.csproj", "{A30D3A4C-ED65-4047-9460-D729F852F207}"
EndProject
Global
	GlobalSection(SolutionConfigurationPlatforms) = preSolution
		Debug|Any CPU = Debug|Any CPU
		Release|Any CPU = Release|Any CPU
	EndGlobalSection
	GlobalSection(ProjectConfigurationPlatforms) = postSolution
		{A30D3A4C-ED65-4047-9460-D729F852F207}.Debug|Any CPU.ActiveCfg = Debug|Any CPU
		{A30D3A4C-ED65-4047-9460-D729F852F207}.Debug|Any CPU.Build.0 = Debug|Any CPU
		{A30D3A4C-ED65-4047-9460-D729F852F207}.Release|Any CPU.ActiveCfg = Release|Any CPU
		{A30D3A4C-ED65-4047-9460-D729F852F207}.Release|Any CPU.Build.0 = Release|Any CPU
	EndGlobalSection
	GlobalSection(SolutionProperties) = preSolution
		HideSolutionNode = FALSE
	EndGlobalSection
	GlobalSection(ExtensibilityGlobals) = postSolution
		SolutionGuid = {580185F5-CA9C-4411-A811-7E934991F6FE}
	EndGlobalSection
EndGlobal
